// !$*UTF8*$!
{
	archiveVersion = 1;
	classes = {
	};
	objectVersion = 46;
	objects = {

/* Begin PBXBuildFile section */
		804CB7481BFB893C00CE5352 /* AppDelegate.swift in Sources */ = {isa = PBXBuildFile; fileRef = 804CB7471BFB893C00CE5352 /* AppDelegate.swift */; };
		804CB74A1BFB893C00CE5352 /* ViewController.swift in Sources */ = {isa = PBXBuildFile; fileRef = 804CB7491BFB893C00CE5352 /* ViewController.swift */; };
		804CB74D1BFB893C00CE5352 /* Main.storyboard in Resources */ = {isa = PBXBuildFile; fileRef = 804CB74B1BFB893C00CE5352 /* Main.storyboard */; };
		804CB74F1BFB893C00CE5352 /* Assets.xcassets in Resources */ = {isa = PBXBuildFile; fileRef = 804CB74E1BFB893C00CE5352 /* Assets.xcassets */; };
		804CB7521BFB893C00CE5352 /* LaunchScreen.storyboard in Resources */ = {isa = PBXBuildFile; fileRef = 804CB7501BFB893C00CE5352 /* LaunchScreen.storyboard */; };
		804CB75A1BFB899000CE5352 /* CoreLocation.framework in Frameworks */ = {isa = PBXBuildFile; fileRef = 804CB7591BFB899000CE5352 /* CoreLocation.framework */; };
/* End PBXBuildFile section */

/* Begin PBXFileReference section */
		804CB7441BFB893C00CE5352 /* MapApp.app */ = {isa = PBXFileReference; explicitFileType = wrapper.application; includeInIndex = 0; path = MapApp.app; sourceTree = BUILT_PRODUCTS_DIR; };
		804CB7471BFB893C00CE5352 /* AppDelegate.swift */ = {isa = PBXFileReference; lastKnownFileType = sourcecode.swift; path = AppDelegate.swift; sourceTree = "<group>"; };
		804CB7491BFB893C00CE5352 /* ViewController.swift */ = {isa = PBXFileReference; lastKnownFileType = sourcecode.swift; path = ViewController.swift; sourceTree = "<group>"; };
		804CB74C1BFB893C00CE5352 /* Base */ = {isa = PBXFileReference; lastKnownFileType = file.storyboard; name = Base; path = Base.lproj/Main.storyboard; sourceTree = "<group>"; };
		804CB74E1BFB893C00CE5352 /* Assets.xcassets */ = {isa = PBXFileReference; lastKnownFileType = folder.assetcatalog; path = Assets.xcassets; sourceTree = "<group>"; };
		804CB7511BFB893C00CE5352 /* Base */ = {isa = PBXFileReference; lastKnownFileType = file.storyboard; name = Base; path = Base.lproj/LaunchScreen.storyboard; sourceTree = "<group>"; };
		804CB7531BFB893C00CE5352 /* Info.plist */ = {isa = PBXFileReference; lastKnownFileType = text.plist.xml; path = Info.plist; sourceTree = "<group>"; };
		804CB7591BFB899000CE5352 /* CoreLocation.framework */ = {isa = PBXFileReference; lastKnownFileType = wrapper.framework; name = CoreLocation.framework; path = System/Library/Frameworks/CoreLocation.framework; sourceTree = SDKROOT; };
/* End PBXFileReference section */

/* Begin PBXFrameworksBuildPhase section */
		804CB7411BFB893C00CE5352 /* Frameworks */ = {
			isa = PBXFrameworksBuildPhase;
			buildActionMask = 2147483647;
			files = (
				804CB75A1BFB899000CE5352 /* CoreLocation.framework in Frameworks */,
			);
			runOnlyForDeploymentPostprocessing = 0;
		};
/* End PBXFrameworksBuildPhase section */

/* Begin PBXGroup section */
		804CB73B1BFB893C00CE5352 = {
			isa = PBXGroup;
			children = (
				804CB7591BFB899000CE5352 /* CoreLocation.framework */,
				804CB7461BFB893C00CE5352 /* MapApp */,
				804CB7451BFB893C00CE5352 /* Products */,
			);
			sourceTree = "<group>";
		};
		804CB7451BFB893C00CE5352 /* Products */ = {
			isa = PBXGroup;
			children = (
				804CB7441BFB893C00CE5352 /* MapApp.app */,
			);
			name = Products;
			sourceTree = "<group>";
		};
		804CB7461BFB893C00CE5352 /* MapApp */ = {
			isa = PBXGroup;
			children = (
				804CB7471BFB893C00CE5352 /* AppDelegate.swift */,
				804CB7491BFB893C00CE5352 /* ViewController.swift */,
				804CB74B1BFB893C00CE5352 /* Main.storyboard */,
				804CB74E1BFB893C00CE5352 /* Assets.xcassets */,
				804CB7501BFB893C00CE5352 /* LaunchScreen.storyboard */,
				804CB7531BFB893C00CE5352 /* Info.plist */,
			);
			path = MapApp;
			sourceTree = "<group>";
		};
/* End PBXGroup section */

/* Begin PBXNativeTarget section */
		804CB7431BFB893C00CE5352 /* MapApp */ = {
			isa = PBXNativeTarget;
			buildConfigurationList = 804CB7561BFB893C00CE5352 /* Build configuration list for PBXNativeTarget "MapApp" */;
			buildPhases = (
				804CB7401BFB893C00CE5352 /* Sources */,
				804CB7411BFB893C00CE5352 /* Frameworks */,
				804CB7421BFB893C00CE5352 /* Resources */,
			);
			buildRules = (
			);
			dependencies = (
			);
			name = MapApp;
			productName = MapApp;
			productReference = 804CB7441BFB893C00CE5352 /* MapApp.app */;
			productType = "com.apple.product-type.application";
		};
/* End PBXNativeTarget section */

/* Begin PBXProject section */
		804CB73C1BFB893C00CE5352 /* Project object */ = {
			isa = PBXProject;
			attributes = {
				LastSwiftUpdateCheck = 0710;
				LastUpgradeCheck = 0710;
				ORGANIZATIONNAME = anarach;
				TargetAttributes = {
					804CB7431BFB893C00CE5352 = {
						CreatedOnToolsVersion = 7.1;
					};
				};
			};
			buildConfigurationList = 804CB73F1BFB893C00CE5352 /* Build configuration list for PBXProject "MapApp" */;
			compatibilityVersion = "Xcode 3.2";
			developmentRegion = English;
			hasScannedForEncodings = 0;
			knownRegions = (
				en,
				Base,
			);
			mainGroup = 804CB73B1BFB893C00CE5352;
			productRefGroup = 804CB7451BFB893C00CE5352 /* Products */;
			projectDirPath = "";
			projectRoot = "";
			targets = (
				804CB7431BFB893C00CE5352 /* MapApp */,
			);
		};
/* End PBXProject section */

/* Begin PBXResourcesBuildPhase section */
		804CB7421BFB893C00CE5352 /* Resources */ = {
			isa = PBXResourcesBuildPhase;
			buildActionMask = 2147483647;
			files = (
				804CB7521BFB893C00CE5352 /* LaunchScreen.storyboard in Resources */,
				804CB74F1BFB893C00CE5352 /* Assets.xcassets in Resources */,
				804CB74D1BFB893C00CE5352 /* Main.storyboard in Resources */,
			);
			runOnlyForDeploymentPostprocessing = 0;
		};
/* End PBXResourcesBuildPhase section */

/* Begin PBXSourcesBuildPhase section */
		804CB7401BFB893C00CE5352 /* Sources */ = {
			isa = PBXSourcesBuildPhase;
			buildActionMask = 2147483647;
			files = (
				804CB74A1BFB893C00CE5352 /* ViewController.swift in Sources */,
				804CB7481BFB893C00CE5352 /* AppDelegate.swift in Sources */,
			);
			runOnlyForDeploymentPostprocessing = 0;
		};
/* End PBXSourcesBuildPhase section */

/* Begin PBXVariantGroup section */
		804CB74B1BFB893C00CE5352 /* Main.storyboard */ = {
			isa = PBXVariantGroup;
			children = (
				804CB74C1BFB893C00CE5352 /* Base */,
			);
			name = Main.storyboard;
			sourceTree = "<group>";
		};
		804CB7501BFB893C00CE5352 /* LaunchScreen.storyboard */ = {
			isa = PBXVariantGroup;
			children = (
				804CB7511BFB893C00CE5352 /* Base */,
			);
			name = LaunchScreen.storyboard;
			sourceTree = "<group>";
		};
/* End PBXVariantGroup section */

/* Begin XCBuildConfiguration section */
		804CB7541BFB893C00CE5352 /* Debug */ = {
			isa = XCBuildConfiguration;
			buildSettings = {
				ALWAYS_SEARCH_USER_PATHS = NO;
				CLANG_CXX_LANGUAGE_STANDARD = "gnu++0x";
				CLANG_CXX_LIBRARY = "libc++";
				CLANG_ENABLE_MODULES = YES;
				CLANG_ENABLE_OBJC_ARC = YES;
				CLANG_WARN_BOOL_CONVERSION = YES;
				CLANG_WARN_CONSTANT_CONVERSION = YES;
				CLANG_WARN_DIRECT_OBJC_ISA_USAGE = YES_ERROR;
				CLANG_WARN_EMPTY_BODY = YES;
				CLANG_WARN_ENUM_CONVERSION = YES;
				CLANG_WARN_INT_CONVERSION = YES;
				CLANG_WARN_OBJC_ROOT_CLASS = YES_ERROR;
				CLANG_WARN_UNREACHABLE_CODE = YES;
				CLANG_WARN__DUPLICATE_METHOD_MATCH = YES;
				"CODE_SIGN_IDENTITY[sdk=iphoneos*]" = "iPhone Developer";
				COPY_PHASE_STRIP = NO;
				DEBUG_INFORMATION_FORMAT = dwarf;
				ENABLE_STRICT_OBJC_MSGSEND = YES;
				ENABLE_TESTABILITY = YES;
				GCC_C_LANGUAGE_STANDARD = gnu99;
				GCC_DYNAMIC_NO_PIC = NO;
				GCC_NO_COMMON_BLOCKS = YES;
				GCC_OPTIMIZATION_LEVEL = 0;
				GCC_PREPROCESSOR_DEFINITIONS = (
					"DEBUG=1",
					"$(inherited)",
				);
				GCC_WARN_64_TO_32_BIT_CONVERSION = YES;
				GCC_WARN_ABOUT_RETURN_TYPE = YES_ERROR;
				GCC_WARN_UNDECLARED_SELECTOR = YES;
				GCC_WARN_UNINITIALIZED_AUTOS = YES_AGGRESSIVE;
				GCC_WARN_UNUSED_FUNCTION = YES;
				GCC_WARN_UNUSED_VARIABLE = YES;
				IPHONEOS_DEPLOYMENT_TARGET = 9.1;
				MTL_ENABLE_DEBUG_INFO = YES;
				ONLY_ACTIVE_ARCH = YES;
				SDKROOT = iphoneos;
				SWIFT_OPTIMIZATION_LEVEL = "-Onone";
			};
			name = Debug;
		};
		804CB7551BFB893C00CE5352 /* Release */ = {
			isa = XCBuildConfiguration;
			buildSettings = {
				ALWAYS_SEARCH_USER_PATHS = NO;
				CLANG_CXX_LANGUAGE_STANDARD = "gnu++0x";
				CLANG_CXX_LIBRARY = "libc++";
				CLANG_ENABLE_MODULES = YES;
				CLANG_ENABLE_OBJC_ARC = YES;
				CLANG_WARN_BOOL_CONVERSION = YES;
				CLANG_WARN_CONSTANT_CONVERSION = YES;
				CLANG_WARN_DIRECT_OBJC_ISA_USAGE = YES_ERROR;
				CLANG_WARN_EMPTY_BODY = YES;
				CLANG_WARN_ENUM_CONVERSION = YES;
				CLANG_WARN_INT_CONVERSION = YES;
				CLANG_WARN_OBJC_ROOT_CLASS = YES_ERROR;
				CLANG_WARN_UNREACHABLE_CODE = YES;
				CLANG_WARN__DUPLICATE_METHOD_MATCH = YES;
				"CODE_SIGN_IDENTITY[sdk=iphoneos*]" = "iPhone Developer";
				COPY_PHASE_STRIP = NO;
				DEBUG_INFORMATION_FORMAT = "dwarf-with-dsym";
				ENABLE_NS_ASSERTIONS = NO;
				ENABLE_STRICT_OBJC_MSGSEND = YES;
				GCC_C_LANGUAGE_STANDARD = gnu99;
				GCC_NO_COMMON_BLOCKS = YES;
				GCC_WARN_64_TO_32_BIT_CONVERSION = YES;
				GCC_WARN_ABOUT_RETURN_TYPE = YES_ERROR;
				GCC_WARN_UNDECLARED_SELECTOR = YES;
				GCC_WARN_UNINITIALIZED_AUTOS = YES_AGGRESSIVE;
				GCC_WARN_UNUSED_FUNCTION = YES;
				GCC_WARN_UNUSED_VARIABLE = YES;
				IPHONEOS_DEPLOYMENT_TARGET = 9.1;
				MTL_ENABLE_DEBUG_INFO = NO;
				SDKROOT = iphoneos;
				VALIDATE_PRODUCT = YES;
			};
			name = Release;
		};
		804CB7571BFB893C00CE5352 /* Debug */ = {
			isa = XCBuildConfiguration;
			buildSettings = {
				ASSETCATALOG_COMPILER_APPICON_NAME = AppIcon;
				INFOPLIST_FILE = MapApp/Info.plist;
				LD_RUNPATH_SEARCH_PATHS = "$(inherited) @executable_path/Frameworks";
				PRODUCT_BUNDLE_IDENTIFIER = com.anarach.MapApp;
				PRODUCT_NAME = "$(TARGET_NAME)";
			};
			name = Debug;
		};
		804CB7581BFB893C00CE5352 /* Release */ = {
			isa = XCBuildConfiguration;
			buildSettings = {
				ASSETCATALOG_COMPILER_APPICON_NAME = AppIcon;
				INFOPLIST_FILE = MapApp/Info.plist;
				LD_RUNPATH_SEARCH_PATHS = "$(inherited) @executable_path/Frameworks";
				PRODUCT_BUNDLE_IDENTIFIER = com.anarach.MapApp;
				PRODUCT_NAME = "$(TARGET_NAME)";
			};
			name = Release;
		};
/* End XCBuildConfiguration section */

/* Begin XCConfigurationList section */
		804CB73F1BFB893C00CE5352 /* Build configuration list for PBXProject "MapApp" */ = {
			isa = XCConfigurationList;
			buildConfigurations = (
				804CB7541BFB893C00CE5352 /* Debug */,
				804CB7551BFB893C00CE5352 /* Release */,
			);
			defaultConfigurationIsVisible = 0;
			defaultConfigurationName = Release;
		};
		804CB7561BFB893C00CE5352 /* Build configuration list for PBXNativeTarget "MapApp" */ = {
			isa = XCConfigurationList;
			buildConfigurations = (
				804CB7571BFB893C00CE5352 /* Debug */,
				804CB7581BFB893C00CE5352 /* Release */,
			);
			defaultConfigurationIsVisible = 0;
		};
/* End XCConfigurationList section */
	};
	rootObject = 804CB73C1BFB893C00CE5352 /* Project object */;
}
